
Microsoft Visual Studio Solution File, Format Version 12.00
# Visual Studio 15
Project("{FAE04EC0-301F-11D3-BF4B-00C04F79EFBC}") = "NavMeshComponents", "NavMeshComponents.csproj", "{817C7567-34AA-B357-CE9F-AD8903122023}"
EndProject
Project("{FAE04EC0-301F-11D3-BF4B-00C04F79EFBC}") = "Assembly-CSharp", "Assembly-CSharp.csproj", "{BFE8D23F-AF52-0931-C915-DFA345199AEC}"
EndProject
Project("{FAE04EC0-301F-11D3-BF4B-00C04F79EFBC}") = "NavMeshComponentsEditor", "NavMeshComponentsEditor.csproj", "{ABD31D7E-D4D6-7195-77D2-5818BF3DF5F4}"
EndProject
Global
	GlobalSection(SolutionConfigurationPlatforms) = preSolution
		Debug|Any CPU = Debug|Any CPU
		Release|Any CPU = Release|Any CPU
	EndGlobalSection
	GlobalSection(ProjectConfigurationPlatforms) = postSolution
		{817C7567-34AA-B357-CE9F-AD8903122023}.Debug|Any CPU.ActiveCfg = Debug|Any CPU
		{817C7567-34AA-B357-CE9F-AD8903122023}.Debug|Any CPU.Build.0 = Debug|Any CPU
		{817C7567-34AA-B357-CE9F-AD8903122023}.Release|Any CPU.ActiveCfg = Release|Any CPU
		{817C7567-34AA-B357-CE9F-AD8903122023}.Release|Any CPU.Build.0 = Release|Any CPU
		{BFE8D23F-AF52-0931-C915-DFA345199AEC}.Debug|Any CPU.ActiveCfg = Debug|Any CPU
		{BFE8D23F-AF52-0931-C915-DFA345199AEC}.Debug|Any CPU.Build.0 = Debug|Any CPU
		{BFE8D23F-AF52-0931-C915-DFA345199AEC}.Release|Any CPU.ActiveCfg = Release|Any CPU
		{BFE8D23F-AF52-0931-C915-DFA345199AEC}.Release|Any CPU.Build.0 = Release|Any CPU
		{ABD31D7E-D4D6-7195-77D2-5818BF3DF5F4}.Debug|Any CPU.ActiveCfg = Debug|Any CPU
		{ABD31D7E-D4D6-7195-77D2-5818BF3DF5F4}.Debug|Any CPU.Build.0 = Debug|Any CPU
		{ABD31D7E-D4D6-7195-77D2-5818BF3DF5F4}.Release|Any CPU.ActiveCfg = Release|Any CPU
		{ABD31D7E-D4D6-7195-77D2-5818BF3DF5F4}.Release|Any CPU.Build.0 = Release|Any CPU
	EndGlobalSection
	GlobalSection(SolutionProperties) = preSolution
		HideSolutionNode = FALSE
	EndGlobalSection
EndGlobal
